// !$*UTF8*$!
{
	archiveVersion = 1;
	classes = {
	};
	objectVersion = 46;
	objects = {

/* Begin PBXBuildFile section */
		4A0E78BC17A904C100634872 /* UIKit.framework in Frameworks */ = {isa = PBXBuildFile; fileRef = 4A0E78BB17A904C100634872 /* UIKit.framework */; };
		4A0E78BE17A904C100634872 /* Foundation.framework in Frameworks */ = {isa = PBXBuildFile; fileRef = 4A0E78BD17A904C100634872 /* Foundation.framework */; };
		4A0E78C017A904C100634872 /* CoreGraphics.framework in Frameworks */ = {isa = PBXBuildFile; fileRef = 4A0E78BF17A904C100634872 /* CoreGraphics.framework */; };
		4A0E78C217A904C100634872 /* CoreData.framework in Frameworks */ = {isa = PBXBuildFile; fileRef = 4A0E78C117A904C100634872 /* CoreData.framework */; };
		4A0E78C817A904C200634872 /* InfoPlist.strings in Resources */ = {isa = PBXBuildFile; fileRef = 4A0E78C617A904C200634872 /* InfoPlist.strings */; };
		4A0E78CA17A904C200634872 /* main.m in Sources */ = {isa = PBXBuildFile; fileRef = 4A0E78C917A904C200634872 /* main.m */; };
		4A0E78CE17A904C200634872 /* AppDelegate.m in Sources */ = {isa = PBXBuildFile; fileRef = 4A0E78CD17A904C200634872 /* AppDelegate.m */; };
		4A0E78D017A904C200634872 /* Default.png in Resources */ = {isa = PBXBuildFile; fileRef = 4A0E78CF17A904C200634872 /* Default.png */; };
		4A0E78D217A904C200634872 /* Default@2x.png in Resources */ = {isa = PBXBuildFile; fileRef = 4A0E78D117A904C200634872 /* Default@2x.png */; };
		4A0E78D417A904C200634872 /* Default-568h@2x.png in Resources */ = {isa = PBXBuildFile; fileRef = 4A0E78D317A904C200634872 /* Default-568h@2x.png */; };
		4A0E78D717A904C200634872 /* hgpdf.xcdatamodeld in Sources */ = {isa = PBXBuildFile; fileRef = 4A0E78D517A904C200634872 /* hgpdf.xcdatamodeld */; };
/* End PBXBuildFile section */

/* Begin PBXFileReference section */
		4A0E78B817A904C100634872 /* hgpdf.app */ = {isa = PBXFileReference; explicitFileType = wrapper.application; includeInIndex = 0; path = hgpdf.app; sourceTree = BUILT_PRODUCTS_DIR; };
		4A0E78BB17A904C100634872 /* UIKit.framework */ = {isa = PBXFileReference; lastKnownFileType = wrapper.framework; name = UIKit.framework; path = System/Library/Frameworks/UIKit.framework; sourceTree = SDKROOT; };
		4A0E78BD17A904C100634872 /* Foundation.framework */ = {isa = PBXFileReference; lastKnownFileType = wrapper.framework; name = Foundation.framework; path = System/Library/Frameworks/Foundation.framework; sourceTree = SDKROOT; };
		4A0E78BF17A904C100634872 /* CoreGraphics.framework */ = {isa = PBXFileReference; lastKnownFileType = wrapper.framework; name = CoreGraphics.framework; path = System/Library/Frameworks/CoreGraphics.framework; sourceTree = SDKROOT; };
		4A0E78C117A904C100634872 /* CoreData.framework */ = {isa = PBXFileReference; lastKnownFileType = wrapper.framework; name = CoreData.framework; path = System/Library/Frameworks/CoreData.framework; sourceTree = SDKROOT; };
		4A0E78C517A904C200634872 /* hgpdf-Info.plist */ = {isa = PBXFileReference; lastKnownFileType = text.plist.xml; path = "hgpdf-Info.plist"; sourceTree = "<group>"; };
		4A0E78C717A904C200634872 /* en */ = {isa = PBXFileReference; lastKnownFileType = text.plist.strings; name = en; path = en.lproj/InfoPlist.strings; sourceTree = "<group>"; };
		4A0E78C917A904C200634872 /* main.m */ = {isa = PBXFileReference; lastKnownFileType = sourcecode.c.objc; path = main.m; sourceTree = "<group>"; };
		4A0E78CB17A904C200634872 /* hgpdf-Prefix.pch */ = {isa = PBXFileReference; lastKnownFileType = sourcecode.c.h; path = "hgpdf-Prefix.pch"; sourceTree = "<group>"; };
		4A0E78CC17A904C200634872 /* AppDelegate.h */ = {isa = PBXFileReference; lastKnownFileType = sourcecode.c.h; path = AppDelegate.h; sourceTree = "<group>"; };
		4A0E78CD17A904C200634872 /* AppDelegate.m */ = {isa = PBXFileReference; lastKnownFileType = sourcecode.c.objc; path = AppDelegate.m; sourceTree = "<group>"; };
		4A0E78CF17A904C200634872 /* Default.png */ = {isa = PBXFileReference; lastKnownFileType = image.png; path = Default.png; sourceTree = "<group>"; };
		4A0E78D117A904C200634872 /* Default@2x.png */ = {isa = PBXFileReference; lastKnownFileType = image.png; path = "Default@2x.png"; sourceTree = "<group>"; };
		4A0E78D317A904C200634872 /* Default-568h@2x.png */ = {isa = PBXFileReference; lastKnownFileType = image.png; path = "Default-568h@2x.png"; sourceTree = "<group>"; };
		4A0E78D617A904C200634872 /* hgpdf.xcdatamodel */ = {isa = PBXFileReference; lastKnownFileType = wrapper.xcdatamodel; path = hgpdf.xcdatamodel; sourceTree = "<group>"; };
/* End PBXFileReference section */

/* Begin PBXFrameworksBuildPhase section */
		4A0E78B517A904C100634872 /* Frameworks */ = {
			isa = PBXFrameworksBuildPhase;
			buildActionMask = 2147483647;
			files = (
				4A0E78BC17A904C100634872 /* UIKit.framework in Frameworks */,
				4A0E78BE17A904C100634872 /* Foundation.framework in Frameworks */,
				4A0E78C017A904C100634872 /* CoreGraphics.framework in Frameworks */,
				4A0E78C217A904C100634872 /* CoreData.framework in Frameworks */,
			);
			runOnlyForDeploymentPostprocessing = 0;
		};
/* End PBXFrameworksBuildPhase section */

/* Begin PBXGroup section */
		4A0E78AF17A904C100634872 = {
			isa = PBXGroup;
			children = (
				4A0E78C317A904C100634872 /* hgpdf */,
				4A0E78BA17A904C100634872 /* Frameworks */,
				4A0E78B917A904C100634872 /* Products */,
			);
			sourceTree = "<group>";
		};
		4A0E78B917A904C100634872 /* Products */ = {
			isa = PBXGroup;
			children = (
				4A0E78B817A904C100634872 /* hgpdf.app */,
			);
			name = Products;
			sourceTree = "<group>";
		};
		4A0E78BA17A904C100634872 /* Frameworks */ = {
			isa = PBXGroup;
			children = (
				4A0E78BB17A904C100634872 /* UIKit.framework */,
				4A0E78BD17A904C100634872 /* Foundation.framework */,
				4A0E78BF17A904C100634872 /* CoreGraphics.framework */,
				4A0E78C117A904C100634872 /* CoreData.framework */,
			);
			name = Frameworks;
			sourceTree = "<group>";
		};
		4A0E78C317A904C100634872 /* hgpdf */ = {
			isa = PBXGroup;
			children = (
				4A0E78CC17A904C200634872 /* AppDelegate.h */,
				4A0E78CD17A904C200634872 /* AppDelegate.m */,
				4A0E78D517A904C200634872 /* hgpdf.xcdatamodeld */,
				4A0E78C417A904C200634872 /* Supporting Files */,
			);
			path = hgpdf;
			sourceTree = "<group>";
		};
		4A0E78C417A904C200634872 /* Supporting Files */ = {
			isa = PBXGroup;
			children = (
				4A0E78C517A904C200634872 /* hgpdf-Info.plist */,
				4A0E78C617A904C200634872 /* InfoPlist.strings */,
				4A0E78C917A904C200634872 /* main.m */,
				4A0E78CB17A904C200634872 /* hgpdf-Prefix.pch */,
				4A0E78CF17A904C200634872 /* Default.png */,
				4A0E78D117A904C200634872 /* Default@2x.png */,
				4A0E78D317A904C200634872 /* Default-568h@2x.png */,
			);
			name = "Supporting Files";
			sourceTree = "<group>";
		};
/* End PBXGroup section */

/* Begin PBXNativeTarget section */
		4A0E78B717A904C100634872 /* hgpdf */ = {
			isa = PBXNativeTarget;
			buildConfigurationList = 4A0E78DA17A904C200634872 /* Build configuration list for PBXNativeTarget "hgpdf" */;
			buildPhases = (
				4A0E78B417A904C100634872 /* Sources */,
				4A0E78B517A904C100634872 /* Frameworks */,
				4A0E78B617A904C100634872 /* Resources */,
			);
			buildRules = (
			);
			dependencies = (
			);
			name = hgpdf;
			productName = hgpdf;
			productReference = 4A0E78B817A904C100634872 /* hgpdf.app */;
			productType = "com.apple.product-type.application";
		};
/* End PBXNativeTarget section */

/* Begin PBXProject section */
		4A0E78B017A904C100634872 /* Project object */ = {
			isa = PBXProject;
			attributes = {
				LastUpgradeCheck = 0460;
				ORGANIZATIONNAME = harry;
			};
			buildConfigurationList = 4A0E78B317A904C100634872 /* Build configuration list for PBXProject "hgpdf" */;
			compatibilityVersion = "Xcode 3.2";
			developmentRegion = English;
			hasScannedForEncodings = 0;
			knownRegions = (
				en,
			);
			mainGroup = 4A0E78AF17A904C100634872;
			productRefGroup = 4A0E78B917A904C100634872 /* Products */;
			projectDirPath = "";
			projectRoot = "";
			targets = (
				4A0E78B717A904C100634872 /* hgpdf */,
			);
		};
/* End PBXProject section */

/* Begin PBXResourcesBuildPhase section */
		4A0E78B617A904C100634872 /* Resources */ = {
			isa = PBXResourcesBuildPhase;
			buildActionMask = 2147483647;
			files = (
				4A0E78C817A904C200634872 /* InfoPlist.strings in Resources */,
				4A0E78D017A904C200634872 /* Default.png in Resources */,
				4A0E78D217A904C200634872 /* Default@2x.png in Resources */,
				4A0E78D417A904C200634872 /* Default-568h@2x.png in Resources */,
			);
			runOnlyForDeploymentPostprocessing = 0;
		};
/* End PBXResourcesBuildPhase section */

/* Begin PBXSourcesBuildPhase section */
		4A0E78B417A904C100634872 /* Sources */ = {
			isa = PBXSourcesBuildPhase;
			buildActionMask = 2147483647;
			files = (
				4A0E78CA17A904C200634872 /* main.m in Sources */,
				4A0E78CE17A904C200634872 /* AppDelegate.m in Sources */,
				4A0E78D717A904C200634872 /* hgpdf.xcdatamodeld in Sources */,
			);
			runOnlyForDeploymentPostprocessing = 0;
		};
/* End PBXSourcesBuildPhase section */

/* Begin PBXVariantGroup section */
		4A0E78C617A904C200634872 /* InfoPlist.strings */ = {
			isa = PBXVariantGroup;
			children = (
				4A0E78C717A904C200634872 /* en */,
			);
			name = InfoPlist.strings;
			sourceTree = "<group>";
		};
/* End PBXVariantGroup section */

/* Begin XCBuildConfiguration section */
		4A0E78D817A904C200634872 /* Debug */ = {
			isa = XCBuildConfiguration;
			buildSettings = {
				ALWAYS_SEARCH_USER_PATHS = NO;
				CLANG_CXX_LANGUAGE_STANDARD = "gnu++0x";
				CLANG_CXX_LIBRARY = "libc++";
				CLANG_ENABLE_OBJC_ARC = YES;
				CLANG_WARN_CONSTANT_CONVERSION = YES;
				CLANG_WARN_EMPTY_BODY = YES;
				CLANG_WARN_ENUM_CONVERSION = YES;
				CLANG_WARN_INT_CONVERSION = YES;
				CLANG_WARN__DUPLICATE_METHOD_MATCH = YES;
				"CODE_SIGN_IDENTITY[sdk=iphoneos*]" = "iPhone Developer";
				COPY_PHASE_STRIP = NO;
				GCC_C_LANGUAGE_STANDARD = gnu99;
				GCC_DYNAMIC_NO_PIC = NO;
				GCC_OPTIMIZATION_LEVEL = 0;
				GCC_PREPROCESSOR_DEFINITIONS = (
					"DEBUG=1",
					"$(inherited)",
				);
				GCC_SYMBOLS_PRIVATE_EXTERN = NO;
				GCC_WARN_ABOUT_RETURN_TYPE = YES;
				GCC_WARN_UNINITIALIZED_AUTOS = YES;
				GCC_WARN_UNUSED_VARIABLE = YES;
				IPHONEOS_DEPLOYMENT_TARGET = 6.1;
				ONLY_ACTIVE_ARCH = YES;
				SDKROOT = iphoneos;
				TARGETED_DEVICE_FAMILY = 2;
			};
			name = Debug;
		};
		4A0E78D917A904C200634872 /* Release */ = {
			isa = XCBuildConfiguration;
			buildSettings = {
				ALWAYS_SEARCH_USER_PATHS = NO;
				CLANG_CXX_LANGUAGE_STANDARD = "gnu++0x";
				CLANG_CXX_LIBRARY = "libc++";
				CLANG_ENABLE_OBJC_ARC = YES;
				CLANG_WARN_CONSTANT_CONVERSION = YES;
				CLANG_WARN_EMPTY_BODY = YES;
				CLANG_WARN_ENUM_CONVERSION = YES;
				CLANG_WARN_INT_CONVERSION = YES;
				CLANG_WARN__DUPLICATE_METHOD_MATCH = YES;
				"CODE_SIGN_IDENTITY[sdk=iphoneos*]" = "iPhone Developer";
				COPY_PHASE_STRIP = YES;
				GCC_C_LANGUAGE_STANDARD = gnu99;
				GCC_WARN_ABOUT_RETURN_TYPE = YES;
				GCC_WARN_UNINITIALIZED_AUTOS = YES;
				GCC_WARN_UNUSED_VARIABLE = YES;
				IPHONEOS_DEPLOYMENT_TARGET = 6.1;
				OTHER_CFLAGS = "-DNS_BLOCK_ASSERTIONS=1";
				SDKROOT = iphoneos;
				TARGETED_DEVICE_FAMILY = 2;
				VALIDATE_PRODUCT = YES;
			};
			name = Release;
		};
		4A0E78DB17A904C200634872 /* Debug */ = {
			isa = XCBuildConfiguration;
			buildSettings = {
				GCC_PRECOMPILE_PREFIX_HEADER = YES;
				GCC_PREFIX_HEADER = "hgpdf/hgpdf-Prefix.pch";
				INFOPLIST_FILE = "hgpdf/hgpdf-Info.plist";
				PRODUCT_NAME = "$(TARGET_NAME)";
				WRAPPER_EXTENSION = app;
			};
			name = Debug;
		};
		4A0E78DC17A904C200634872 /* Release */ = {
			isa = XCBuildConfiguration;
			buildSettings = {
				GCC_PRECOMPILE_PREFIX_HEADER = YES;
				GCC_PREFIX_HEADER = "hgpdf/hgpdf-Prefix.pch";
				INFOPLIST_FILE = "hgpdf/hgpdf-Info.plist";
				PRODUCT_NAME = "$(TARGET_NAME)";
				WRAPPER_EXTENSION = app;
			};
			name = Release;
		};
/* End XCBuildConfiguration section */

/* Begin XCConfigurationList section */
		4A0E78B317A904C100634872 /* Build configuration list for PBXProject "hgpdf" */ = {
			isa = XCConfigurationList;
			buildConfigurations = (
				4A0E78D817A904C200634872 /* Debug */,
				4A0E78D917A904C200634872 /* Release */,
			);
			defaultConfigurationIsVisible = 0;
			defaultConfigurationName = Release;
		};
		4A0E78DA17A904C200634872 /* Build configuration list for PBXNativeTarget "hgpdf" */ = {
			isa = XCConfigurationList;
			buildConfigurations = (
				4A0E78DB17A904C200634872 /* Debug */,
				4A0E78DC17A904C200634872 /* Release */,
			);
			defaultConfigurationIsVisible = 0;
		};
/* End XCConfigurationList section */

/* Begin XCVersionGroup section */
		4A0E78D517A904C200634872 /* hgpdf.xcdatamodeld */ = {
			isa = XCVersionGroup;
			children = (
				4A0E78D617A904C200634872 /* hgpdf.xcdatamodel */,
			);
			currentVersion = 4A0E78D617A904C200634872 /* hgpdf.xcdatamodel */;
			path = hgpdf.xcdatamodeld;
			sourceTree = "<group>";
			versionGroupType = wrapper.xcdatamodel;
		};
/* End XCVersionGroup section */
	};
	rootObject = 4A0E78B017A904C100634872 /* Project object */;
}
